
Microsoft Visual Studio Solution File, Format Version 12.00
# Visual Studio Version 17
VisualStudioVersion = 17.7.34009.444
MinimumVisualStudioVersion = 10.0.40219.1
Project("{8BC9CEB8-8B4A-11D0-8D11-00A0C91BC942}") = "inheritance_and_construction", "inheritance_and_construction.vcxproj", "{9646D1F4-8C83-43E2-82AC-9EBD69F4933B}"
EndProject
Global
	GlobalSection(SolutionConfigurationPlatforms) = preSolution
		Debug|x64 = Debug|x64
		Debug|x86 = Debug|x86
		Release|x64 = Release|x64
		Release|x86 = Release|x86
	EndGlobalSection
	GlobalSection(ProjectConfigurationPlatforms) = postSolution
		{9646D1F4-8C83-43E2-82AC-9EBD69F4933B}.Debug|x64.ActiveCfg = Debug|x64
		{9646D1F4-8C83-43E2-82AC-9EBD69F4933B}.Debug|x64.Build.0 = Debug|x64
		{9646D1F4-8C83-43E2-82AC-9EBD69F4933B}.Debug|x86.ActiveCfg = Debug|Win32
		{9646D1F4-8C83-43E2-82AC-9EBD69F4933B}.Debug|x86.Build.0 = Debug|Win32
		{9646D1F4-8C83-43E2-82AC-9EBD69F4933B}.Release|x64.ActiveCfg = Release|x64
		{9646D1F4-8C83-43E2-82AC-9EBD69F4933B}.Release|x64.Build.0 = Release|x64
		{9646D1F4-8C83-43E2-82AC-9EBD69F4933B}.Release|x86.ActiveCfg = Release|Win32
		{9646D1F4-8C83-43E2-82AC-9EBD69F4933B}.Release|x86.Build.0 = Release|Win32
	EndGlobalSection
	GlobalSection(SolutionProperties) = preSolution
		HideSolutionNode = FALSE
	EndGlobalSection
	GlobalSection(ExtensibilityGlobals) = postSolution
		SolutionGuid = {C2007B90-C096-4164-9497-16AABB4C026A}
	EndGlobalSection
EndGlobal
