
Microsoft Visual Studio Solution File, Format Version 12.00
# Visual Studio Version 17
VisualStudioVersion = 17.6.33829.357
MinimumVisualStudioVersion = 10.0.40219.1
Project("{8BC9CEB8-8B4A-11D0-8D11-00A0C91BC942}") = "sizeof", "sizeof.vcxproj", "{FDF9175B-C591-450F-8620-FEF03BF3CCA2}"
EndProject
Global
	GlobalSection(SolutionConfigurationPlatforms) = preSolution
		Debug|x64 = Debug|x64
		Debug|x86 = Debug|x86
		Release|x64 = Release|x64
		Release|x86 = Release|x86
	EndGlobalSection
	GlobalSection(ProjectConfigurationPlatforms) = postSolution
		{FDF9175B-C591-450F-8620-FEF03BF3CCA2}.Debug|x64.ActiveCfg = Debug|x64
		{FDF9175B-C591-450F-8620-FEF03BF3CCA2}.Debug|x64.Build.0 = Debug|x64
		{FDF9175B-C591-450F-8620-FEF03BF3CCA2}.Debug|x86.ActiveCfg = Debug|Win32
		{FDF9175B-C591-450F-8620-FEF03BF3CCA2}.Debug|x86.Build.0 = Debug|Win32
		{FDF9175B-C591-450F-8620-FEF03BF3CCA2}.Release|x64.ActiveCfg = Release|x64
		{FDF9175B-C591-450F-8620-FEF03BF3CCA2}.Release|x64.Build.0 = Release|x64
		{FDF9175B-C591-450F-8620-FEF03BF3CCA2}.Release|x86.ActiveCfg = Release|Win32
		{FDF9175B-C591-450F-8620-FEF03BF3CCA2}.Release|x86.Build.0 = Release|Win32
	EndGlobalSection
	GlobalSection(SolutionProperties) = preSolution
		HideSolutionNode = FALSE
	EndGlobalSection
	GlobalSection(ExtensibilityGlobals) = postSolution
		SolutionGuid = {F021175B-05AE-43D6-B529-1548F5023536}
	EndGlobalSection
EndGlobal
